
Microsoft Visual Studio Solution File, Format Version 12.00
# Visual Studio 15
VisualStudioVersion = 15.0.26124.0
MinimumVisualStudioVersion = 15.0.26124.0
Project("{FAE04EC0-301F-11D3-BF4B-00C04F79EFBC}") = "SilpoCounter", "SilpoCounter\SilpoCounter.csproj", "{F2FC85DD-F9AF-42DD-91BE-28ADC0B50892}"
EndProject
Project("{FAE04EC0-301F-11D3-BF4B-00C04F79EFBC}") = "SilpoCounter.Tests", "SilpoCounter.Tests\SilpoCounter.Tests.csproj", "{2F5724CD-871D-4CE8-BE4B-15443792FD28}"
EndProject
Global
	GlobalSection(SolutionConfigurationPlatforms) = preSolution
		Debug|Any CPU = Debug|Any CPU
		Debug|x64 = Debug|x64
		Debug|x86 = Debug|x86
		Release|Any CPU = Release|Any CPU
		Release|x64 = Release|x64
		Release|x86 = Release|x86
	EndGlobalSection
	GlobalSection(SolutionProperties) = preSolution
		HideSolutionNode = FALSE
	EndGlobalSection
	GlobalSection(ProjectConfigurationPlatforms) = postSolution
		{F2FC85DD-F9AF-42DD-91BE-28ADC0B50892}.Debug|Any CPU.ActiveCfg = Debug|Any CPU
		{F2FC85DD-F9AF-42DD-91BE-28ADC0B50892}.Debug|Any CPU.Build.0 = Debug|Any CPU
		{F2FC85DD-F9AF-42DD-91BE-28ADC0B50892}.Debug|x64.ActiveCfg = Debug|Any CPU
		{F2FC85DD-F9AF-42DD-91BE-28ADC0B50892}.Debug|x64.Build.0 = Debug|Any CPU
		{F2FC85DD-F9AF-42DD-91BE-28ADC0B50892}.Debug|x86.ActiveCfg = Debug|Any CPU
		{F2FC85DD-F9AF-42DD-91BE-28ADC0B50892}.Debug|x86.Build.0 = Debug|Any CPU
		{F2FC85DD-F9AF-42DD-91BE-28ADC0B50892}.Release|Any CPU.ActiveCfg = Release|Any CPU
		{F2FC85DD-F9AF-42DD-91BE-28ADC0B50892}.Release|Any CPU.Build.0 = Release|Any CPU
		{F2FC85DD-F9AF-42DD-91BE-28ADC0B50892}.Release|x64.ActiveCfg = Release|Any CPU
		{F2FC85DD-F9AF-42DD-91BE-28ADC0B50892}.Release|x64.Build.0 = Release|Any CPU
		{F2FC85DD-F9AF-42DD-91BE-28ADC0B50892}.Release|x86.ActiveCfg = Release|Any CPU
		{F2FC85DD-F9AF-42DD-91BE-28ADC0B50892}.Release|x86.Build.0 = Release|Any CPU
		{2F5724CD-871D-4CE8-BE4B-15443792FD28}.Debug|Any CPU.ActiveCfg = Debug|Any CPU
		{2F5724CD-871D-4CE8-BE4B-15443792FD28}.Debug|Any CPU.Build.0 = Debug|Any CPU
		{2F5724CD-871D-4CE8-BE4B-15443792FD28}.Debug|x64.ActiveCfg = Debug|Any CPU
		{2F5724CD-871D-4CE8-BE4B-15443792FD28}.Debug|x64.Build.0 = Debug|Any CPU
		{2F5724CD-871D-4CE8-BE4B-15443792FD28}.Debug|x86.ActiveCfg = Debug|Any CPU
		{2F5724CD-871D-4CE8-BE4B-15443792FD28}.Debug|x86.Build.0 = Debug|Any CPU
		{2F5724CD-871D-4CE8-BE4B-15443792FD28}.Release|Any CPU.ActiveCfg = Release|Any CPU
		{2F5724CD-871D-4CE8-BE4B-15443792FD28}.Release|Any CPU.Build.0 = Release|Any CPU
		{2F5724CD-871D-4CE8-BE4B-15443792FD28}.Release|x64.ActiveCfg = Release|Any CPU
		{2F5724CD-871D-4CE8-BE4B-15443792FD28}.Release|x64.Build.0 = Release|Any CPU
		{2F5724CD-871D-4CE8-BE4B-15443792FD28}.Release|x86.ActiveCfg = Release|Any CPU
		{2F5724CD-871D-4CE8-BE4B-15443792FD28}.Release|x86.Build.0 = Release|Any CPU
	EndGlobalSection
EndGlobal
